FORGE
  remote: https://forgeapi.puppetlabs.com
  specs:
    puppetlabs-apt (2.4.0)
      puppetlabs-stdlib (< 5.0.0, >= 4.13.0)
    puppetlabs-stdlib (4.17.1)
    rodjek-logrotate (1.1.1)
    stahnma-epel (1.2.2)
      puppetlabs-stdlib (>= 3.0.0)
    stankevich-python (1.18.2)
      puppetlabs-stdlib (< 6.0.0, >= 4.6.0)
      stahnma-epel (< 2.0.0, >= 1.2.2)

GIT
  remote: git://github.com/pulling-strings/puppet-archive.git
  ref: master
  sha: 3f4250dbc2b977845643e98ad24f427c24c845b1
  specs:
    strings-archive (0.2.0)

GIT
  remote: git://github.com/pulling-strings/puppet-backup.git
  ref: master
  sha: b97e8c7453409a2b4d9f8654745af31bd3eef5d2
  specs:
    strings-backup (0.1.1)
      rodjek-logrotate (>= 1.1.1)

GIT
  remote: git://github.com/pulling-strings/puppet-barbecue.git
  ref: master
  sha: 5941941ffa7b22f8b1fa286dbe875c1617ea70a1
  specs:
    strings-barbecue (0.0.2)
      puppetlabs-apt (>= 1.5.2)

GIT
  remote: git://github.com/pulling-strings/puppet-downloadfile.git
  ref: master
  sha: d15eff627fc8051e58950b6b961f5157ecf4c8ca
  specs:
    strings-downloadfile (0.0.1)

GIT
  remote: git://github.com/pulling-strings/puppet-git.git
  ref: master
  sha: 914192791c9547db7bf8b4f36bb9b1b18e15a477
  specs:
    strings-git (0.0.1)

GIT
  remote: git://github.com/pulling-strings/puppet-mkfs.git
  ref: master
  sha: 77658ed437b8b949aa138c735998ef46f3bb1d32
  specs:
    strings-mkfs (0.1.0)

GIT
  remote: git://github.com/pulling-strings/puppet-shell.git
  ref: master
  sha: 6cfb4503ea1533d268278e2762893664569d2ddd
  specs:
    strings-shell (0.2.0)
      stankevich-python (>= 1.7.8)

GIT
  remote: git://github.com/ripienaar/puppet-module-data.git
  ref: master
  sha: 28dafce3a70b35364d33f64d9f518e1adffef242
  specs:
    rip-module-data (0.5.1)

DEPENDENCIES
  puppetlabs-apt (= 2.4.0)
  puppetlabs-stdlib (>= 0)
  rip-module-data (>= 0)
  strings-archive (>= 0)
  strings-backup (>= 0)
  strings-barbecue (>= 0)
  strings-downloadfile (>= 0)
  strings-git (>= 0)
  strings-mkfs (>= 0)
  strings-shell (>= 0)

